// !$*UTF8*$!
{
	archiveVersion = 1;
	classes = {
	};
	objectVersion = 52;
	objects = {

/* Begin PBXBuildFile section */
		15D29982CE645F6FA5F702E5 /* Pods_Core_Data_Photo_App.framework in Frameworks */ = {isa = PBXBuildFile; fileRef = 9495AA03EAC153E755CC6A4C /* Pods_Core_Data_Photo_App.framework */; };
		8D5A6E092440DAB9002BA02D /* ImageModel.swift in Sources */ = {isa = PBXBuildFile; fileRef = 8D5A6E082440DAB9002BA02D /* ImageModel.swift */; };
		8D5A6E0D2440E47B002BA02D /* FavoritesViewController.swift in Sources */ = {isa = PBXBuildFile; fileRef = 8D5A6E0C2440E47B002BA02D /* FavoritesViewController.swift */; };
		8D5A6E0F2440E4B1002BA02D /* ImageCell.swift in Sources */ = {isa = PBXBuildFile; fileRef = 8D5A6E0E2440E4B1002BA02D /* ImageCell.swift */; };
		8D5A6E112440E4D3002BA02D /* FavoritesCell.swift in Sources */ = {isa = PBXBuildFile; fileRef = 8D5A6E102440E4D3002BA02D /* FavoritesCell.swift */; };
		8D5A6E132440F45B002BA02D /* DetailViewController.swift in Sources */ = {isa = PBXBuildFile; fileRef = 8D5A6E122440F45B002BA02D /* DetailViewController.swift */; };
		8D5A6E1924410007002BA02D /* User+CoreDataClass.swift in Sources */ = {isa = PBXBuildFile; fileRef = 8D5A6E1524410007002BA02D /* User+CoreDataClass.swift */; };
		8D5A6E1A24410007002BA02D /* User+CoreDataProperties.swift in Sources */ = {isa = PBXBuildFile; fileRef = 8D5A6E1624410007002BA02D /* User+CoreDataProperties.swift */; };
		8D5A6E1B24410007002BA02D /* Favorite+CoreDataClass.swift in Sources */ = {isa = PBXBuildFile; fileRef = 8D5A6E1724410007002BA02D /* Favorite+CoreDataClass.swift */; };
		8D5A6E1C24410007002BA02D /* Favorite+CoreDataProperties.swift in Sources */ = {isa = PBXBuildFile; fileRef = 8D5A6E1824410007002BA02D /* Favorite+CoreDataProperties.swift */; };
		8D5A6E1E24410EFA002BA02D /* CoreDataManager.swift in Sources */ = {isa = PBXBuildFile; fileRef = 8D5A6E1D24410EFA002BA02D /* CoreDataManager.swift */; };
		8DE80D862440D48C00B20B77 /* AppDelegate.swift in Sources */ = {isa = PBXBuildFile; fileRef = 8DE80D852440D48C00B20B77 /* AppDelegate.swift */; };
		8DE80D882440D48C00B20B77 /* SceneDelegate.swift in Sources */ = {isa = PBXBuildFile; fileRef = 8DE80D872440D48C00B20B77 /* SceneDelegate.swift */; };
		8DE80D8A2440D48C00B20B77 /* SearchViewController.swift in Sources */ = {isa = PBXBuildFile; fileRef = 8DE80D892440D48C00B20B77 /* SearchViewController.swift */; };
		8DE80D8D2440D48C00B20B77 /* Main.storyboard in Resources */ = {isa = PBXBuildFile; fileRef = 8DE80D8B2440D48C00B20B77 /* Main.storyboard */; };
		8DE80D902440D48C00B20B77 /* Core_Data_Photo_App.xcdatamodeld in Sources */ = {isa = PBXBuildFile; fileRef = 8DE80D8E2440D48C00B20B77 /* Core_Data_Photo_App.xcdatamodeld */; };
		8DE80D922440D48E00B20B77 /* Assets.xcassets in Resources */ = {isa = PBXBuildFile; fileRef = 8DE80D912440D48E00B20B77 /* Assets.xcassets */; };
		8DE80D952440D48E00B20B77 /* LaunchScreen.storyboard in Resources */ = {isa = PBXBuildFile; fileRef = 8DE80D932440D48E00B20B77 /* LaunchScreen.storyboard */; };
		8DE80D9E2440D6CA00B20B77 /* Config.swift in Sources */ = {isa = PBXBuildFile; fileRef = 8DE80D9D2440D6CA00B20B77 /* Config.swift */; };
		8DE80DA12440D79500B20B77 /* PhotoAPIClient.swift in Sources */ = {isa = PBXBuildFile; fileRef = 8DE80DA02440D79500B20B77 /* PhotoAPIClient.swift */; };
		8DE80DA42440D83100B20B77 /* NetworkHelper in Frameworks */ = {isa = PBXBuildFile; productRef = 8DE80DA32440D83100B20B77 /* NetworkHelper */; };
/* End PBXBuildFile section */

/* Begin PBXFileReference section */
		59587FCF295A87DE738B9E65 /* Pods-Core-Data-Photo-App.debug.xcconfig */ = {isa = PBXFileReference; includeInIndex = 1; lastKnownFileType = text.xcconfig; name = "Pods-Core-Data-Photo-App.debug.xcconfig"; path = "Target Support Files/Pods-Core-Data-Photo-App/Pods-Core-Data-Photo-App.debug.xcconfig"; sourceTree = "<group>"; };
		8D5A6E082440DAB9002BA02D /* ImageModel.swift */ = {isa = PBXFileReference; lastKnownFileType = sourcecode.swift; path = ImageModel.swift; sourceTree = "<group>"; };
		8D5A6E0C2440E47B002BA02D /* FavoritesViewController.swift */ = {isa = PBXFileReference; lastKnownFileType = sourcecode.swift; path = FavoritesViewController.swift; sourceTree = "<group>"; };
		8D5A6E0E2440E4B1002BA02D /* ImageCell.swift */ = {isa = PBXFileReference; lastKnownFileType = sourcecode.swift; path = ImageCell.swift; sourceTree = "<group>"; };
		8D5A6E102440E4D3002BA02D /* FavoritesCell.swift */ = {isa = PBXFileReference; lastKnownFileType = sourcecode.swift; path = FavoritesCell.swift; sourceTree = "<group>"; };
		8D5A6E122440F45B002BA02D /* DetailViewController.swift */ = {isa = PBXFileReference; lastKnownFileType = sourcecode.swift; path = DetailViewController.swift; sourceTree = "<group>"; };
		8D5A6E1524410007002BA02D /* User+CoreDataClass.swift */ = {isa = PBXFileReference; lastKnownFileType = sourcecode.swift; name = "User+CoreDataClass.swift"; path = "Core-Data-Photo-App/User+CoreDataClass.swift"; sourceTree = SOURCE_ROOT; };
		8D5A6E1624410007002BA02D /* User+CoreDataProperties.swift */ = {isa = PBXFileReference; lastKnownFileType = sourcecode.swift; name = "User+CoreDataProperties.swift"; path = "Core-Data-Photo-App/User+CoreDataProperties.swift"; sourceTree = SOURCE_ROOT; };
		8D5A6E1724410007002BA02D /* Favorite+CoreDataClass.swift */ = {isa = PBXFileReference; lastKnownFileType = sourcecode.swift; name = "Favorite+CoreDataClass.swift"; path = "Core-Data-Photo-App/Favorite+CoreDataClass.swift"; sourceTree = SOURCE_ROOT; };
		8D5A6E1824410007002BA02D /* Favorite+CoreDataProperties.swift */ = {isa = PBXFileReference; lastKnownFileType = sourcecode.swift; name = "Favorite+CoreDataProperties.swift"; path = "Core-Data-Photo-App/Favorite+CoreDataProperties.swift"; sourceTree = SOURCE_ROOT; };
		8D5A6E1D24410EFA002BA02D /* CoreDataManager.swift */ = {isa = PBXFileReference; lastKnownFileType = sourcecode.swift; path = CoreDataManager.swift; sourceTree = "<group>"; };
		8DE80D822440D48C00B20B77 /* Core-Data-Photo-App.app */ = {isa = PBXFileReference; explicitFileType = wrapper.application; includeInIndex = 0; path = "Core-Data-Photo-App.app"; sourceTree = BUILT_PRODUCTS_DIR; };
		8DE80D852440D48C00B20B77 /* AppDelegate.swift */ = {isa = PBXFileReference; lastKnownFileType = sourcecode.swift; path = AppDelegate.swift; sourceTree = "<group>"; };
		8DE80D872440D48C00B20B77 /* SceneDelegate.swift */ = {isa = PBXFileReference; lastKnownFileType = sourcecode.swift; path = SceneDelegate.swift; sourceTree = "<group>"; };
		8DE80D892440D48C00B20B77 /* SearchViewController.swift */ = {isa = PBXFileReference; lastKnownFileType = sourcecode.swift; path = SearchViewController.swift; sourceTree = "<group>"; };
		8DE80D8C2440D48C00B20B77 /* Base */ = {isa = PBXFileReference; lastKnownFileType = file.storyboard; name = Base; path = Base.lproj/Main.storyboard; sourceTree = "<group>"; };
		8DE80D8F2440D48C00B20B77 /* Core_Data_Photo_App.xcdatamodel */ = {isa = PBXFileReference; lastKnownFileType = wrapper.xcdatamodel; path = Core_Data_Photo_App.xcdatamodel; sourceTree = "<group>"; };
		8DE80D912440D48E00B20B77 /* Assets.xcassets */ = {isa = PBXFileReference; lastKnownFileType = folder.assetcatalog; path = Assets.xcassets; sourceTree = "<group>"; };
		8DE80D942440D48E00B20B77 /* Base */ = {isa = PBXFileReference; lastKnownFileType = file.storyboard; name = Base; path = Base.lproj/LaunchScreen.storyboard; sourceTree = "<group>"; };
		8DE80D962440D48E00B20B77 /* Info.plist */ = {isa = PBXFileReference; lastKnownFileType = text.plist.xml; path = Info.plist; sourceTree = "<group>"; };
		8DE80D9D2440D6CA00B20B77 /* Config.swift */ = {isa = PBXFileReference; lastKnownFileType = sourcecode.swift; path = Config.swift; sourceTree = "<group>"; };
		8DE80DA02440D79500B20B77 /* PhotoAPIClient.swift */ = {isa = PBXFileReference; lastKnownFileType = sourcecode.swift; path = PhotoAPIClient.swift; sourceTree = "<group>"; };
		9495AA03EAC153E755CC6A4C /* Pods_Core_Data_Photo_App.framework */ = {isa = PBXFileReference; explicitFileType = wrapper.framework; includeInIndex = 0; path = Pods_Core_Data_Photo_App.framework; sourceTree = BUILT_PRODUCTS_DIR; };
		C1877BD2E60B247A2F3A3927 /* Pods-Core-Data-Photo-App.release.xcconfig */ = {isa = PBXFileReference; includeInIndex = 1; lastKnownFileType = text.xcconfig; name = "Pods-Core-Data-Photo-App.release.xcconfig"; path = "Target Support Files/Pods-Core-Data-Photo-App/Pods-Core-Data-Photo-App.release.xcconfig"; sourceTree = "<group>"; };
/* End PBXFileReference section */

/* Begin PBXFrameworksBuildPhase section */
		8DE80D7F2440D48C00B20B77 /* Frameworks */ = {
			isa = PBXFrameworksBuildPhase;
			buildActionMask = 2147483647;
			files = (
				8DE80DA42440D83100B20B77 /* NetworkHelper in Frameworks */,
				15D29982CE645F6FA5F702E5 /* Pods_Core_Data_Photo_App.framework in Frameworks */,
			);
			runOnlyForDeploymentPostprocessing = 0;
		};
/* End PBXFrameworksBuildPhase section */

/* Begin PBXGroup section */
		25E30AF695644F158A8E63CC /* Pods */ = {
			isa = PBXGroup;
			children = (
				59587FCF295A87DE738B9E65 /* Pods-Core-Data-Photo-App.debug.xcconfig */,
				C1877BD2E60B247A2F3A3927 /* Pods-Core-Data-Photo-App.release.xcconfig */,
			);
			path = Pods;
			sourceTree = "<group>";
		};
		50EFC2CF5D66A01EAC9DD0BB /* Frameworks */ = {
			isa = PBXGroup;
			children = (
				9495AA03EAC153E755CC6A4C /* Pods_Core_Data_Photo_App.framework */,
			);
			name = Frameworks;
			sourceTree = "<group>";
		};
		8D5A6E0A2440DB47002BA02D /* ViewControllers */ = {
			isa = PBXGroup;
			children = (
				8DE80D892440D48C00B20B77 /* SearchViewController.swift */,
				8D5A6E0C2440E47B002BA02D /* FavoritesViewController.swift */,
				8D5A6E122440F45B002BA02D /* DetailViewController.swift */,
			);
			path = ViewControllers;
			sourceTree = "<group>";
		};
		8D5A6E0B2440DB5E002BA02D /* Cells */ = {
			isa = PBXGroup;
			children = (
				8D5A6E0E2440E4B1002BA02D /* ImageCell.swift */,
				8D5A6E102440E4D3002BA02D /* FavoritesCell.swift */,
			);
			path = Cells;
			sourceTree = "<group>";
		};
		8D5A6E142440FFBB002BA02D /* Models */ = {
			isa = PBXGroup;
			children = (
				8D5A6E1524410007002BA02D /* User+CoreDataClass.swift */,
				8D5A6E1624410007002BA02D /* User+CoreDataProperties.swift */,
				8D5A6E1724410007002BA02D /* Favorite+CoreDataClass.swift */,
				8D5A6E1824410007002BA02D /* Favorite+CoreDataProperties.swift */,
				8D5A6E1D24410EFA002BA02D /* CoreDataManager.swift */,
			);
			path = Models;
			sourceTree = "<group>";
		};
		8DE80D792440D48C00B20B77 = {
			isa = PBXGroup;
			children = (
				8DE80D842440D48C00B20B77 /* Core-Data-Photo-App */,
				8DE80D832440D48C00B20B77 /* Products */,
				25E30AF695644F158A8E63CC /* Pods */,
				50EFC2CF5D66A01EAC9DD0BB /* Frameworks */,
			);
			sourceTree = "<group>";
		};
		8DE80D832440D48C00B20B77 /* Products */ = {
			isa = PBXGroup;
			children = (
				8DE80D822440D48C00B20B77 /* Core-Data-Photo-App.app */,
			);
			name = Products;
			sourceTree = "<group>";
		};
		8DE80D842440D48C00B20B77 /* Core-Data-Photo-App */ = {
			isa = PBXGroup;
			children = (
				8D5A6E142440FFBB002BA02D /* Models */,
				8D5A6E0B2440DB5E002BA02D /* Cells */,
				8D5A6E0A2440DB47002BA02D /* ViewControllers */,
				8DE80D9F2440D77200B20B77 /* NetworkServices */,
				8DE80D9C2440D6AC00B20B77 /* SupportingFiles */,
				8DE80D8B2440D48C00B20B77 /* Main.storyboard */,
				8DE80D912440D48E00B20B77 /* Assets.xcassets */,
				8DE80D932440D48E00B20B77 /* LaunchScreen.storyboard */,
				8DE80D8E2440D48C00B20B77 /* Core_Data_Photo_App.xcdatamodeld */,
				8DE80D962440D48E00B20B77 /* Info.plist */,
				8DE80D9D2440D6CA00B20B77 /* Config.swift */,
			);
			path = "Core-Data-Photo-App";
			sourceTree = "<group>";
		};
		8DE80D9C2440D6AC00B20B77 /* SupportingFiles */ = {
			isa = PBXGroup;
			children = (
				8DE80D852440D48C00B20B77 /* AppDelegate.swift */,
				8DE80D872440D48C00B20B77 /* SceneDelegate.swift */,
			);
			path = SupportingFiles;
			sourceTree = "<group>";
		};
		8DE80D9F2440D77200B20B77 /* NetworkServices */ = {
			isa = PBXGroup;
			children = (
				8DE80DA02440D79500B20B77 /* PhotoAPIClient.swift */,
				8D5A6E082440DAB9002BA02D /* ImageModel.swift */,
			);
			path = NetworkServices;
			sourceTree = "<group>";
		};
/* End PBXGroup section */

/* Begin PBXNativeTarget section */
		8DE80D812440D48C00B20B77 /* Core-Data-Photo-App */ = {
			isa = PBXNativeTarget;
			buildConfigurationList = 8DE80D992440D48E00B20B77 /* Build configuration list for PBXNativeTarget "Core-Data-Photo-App" */;
			buildPhases = (
				B728E51E4EE87D4BDC6D892F /* [CP] Check Pods Manifest.lock */,
				8DE80D7E2440D48C00B20B77 /* Sources */,
				8DE80D7F2440D48C00B20B77 /* Frameworks */,
				8DE80D802440D48C00B20B77 /* Resources */,
				BC5F4B4C54EC7834148AEE35 /* [CP] Embed Pods Frameworks */,
			);
			buildRules = (
			);
			dependencies = (
			);
			name = "Core-Data-Photo-App";
			packageProductDependencies = (
				8DE80DA32440D83100B20B77 /* NetworkHelper */,
			);
			productName = "Core-Data-Photo-App";
			productReference = 8DE80D822440D48C00B20B77 /* Core-Data-Photo-App.app */;
			productType = "com.apple.product-type.application";
		};
/* End PBXNativeTarget section */

/* Begin PBXProject section */
		8DE80D7A2440D48C00B20B77 /* Project object */ = {
			isa = PBXProject;
			attributes = {
				LastSwiftUpdateCheck = 1120;
				LastUpgradeCheck = 1120;
				ORGANIZATIONNAME = "Luba Kaper";
				TargetAttributes = {
					8DE80D812440D48C00B20B77 = {
						CreatedOnToolsVersion = 11.2.1;
					};
				};
			};
			buildConfigurationList = 8DE80D7D2440D48C00B20B77 /* Build configuration list for PBXProject "Core-Data-Photo-App" */;
			compatibilityVersion = "Xcode 9.3";
			developmentRegion = en;
			hasScannedForEncodings = 0;
			knownRegions = (
				en,
				Base,
			);
			mainGroup = 8DE80D792440D48C00B20B77;
			packageReferences = (
				8DE80DA22440D83100B20B77 /* XCRemoteSwiftPackageReference "NetworkHelperSPM" */,
			);
			productRefGroup = 8DE80D832440D48C00B20B77 /* Products */;
			projectDirPath = "";
			projectRoot = "";
			targets = (
				8DE80D812440D48C00B20B77 /* Core-Data-Photo-App */,
			);
		};
/* End PBXProject section */

/* Begin PBXResourcesBuildPhase section */
		8DE80D802440D48C00B20B77 /* Resources */ = {
			isa = PBXResourcesBuildPhase;
			buildActionMask = 2147483647;
			files = (
				8DE80D952440D48E00B20B77 /* LaunchScreen.storyboard in Resources */,
				8DE80D922440D48E00B20B77 /* Assets.xcassets in Resources */,
				8DE80D8D2440D48C00B20B77 /* Main.storyboard in Resources */,
			);
			runOnlyForDeploymentPostprocessing = 0;
		};
/* End PBXResourcesBuildPhase section */

/* Begin PBXShellScriptBuildPhase section */
		B728E51E4EE87D4BDC6D892F /* [CP] Check Pods Manifest.lock */ = {
			isa = PBXShellScriptBuildPhase;
			buildActionMask = 2147483647;
			files = (
			);
			inputFileListPaths = (
			);
			inputPaths = (
				"${PODS_PODFILE_DIR_PATH}/Podfile.lock",
				"${PODS_ROOT}/Manifest.lock",
			);
			name = "[CP] Check Pods Manifest.lock";
			outputFileListPaths = (
			);
			outputPaths = (
				"$(DERIVED_FILE_DIR)/Pods-Core-Data-Photo-App-checkManifestLockResult.txt",
			);
			runOnlyForDeploymentPostprocessing = 0;
			shellPath = /bin/sh;
			shellScript = "diff \"${PODS_PODFILE_DIR_PATH}/Podfile.lock\" \"${PODS_ROOT}/Manifest.lock\" > /dev/null\nif [ $? != 0 ] ; then\n    # print error to STDERR\n    echo \"error: The sandbox is not in sync with the Podfile.lock. Run 'pod install' or update your CocoaPods installation.\" >&2\n    exit 1\nfi\n# This output is used by Xcode 'outputs' to avoid re-running this script phase.\necho \"SUCCESS\" > \"${SCRIPT_OUTPUT_FILE_0}\"\n";
			showEnvVarsInLog = 0;
		};
		BC5F4B4C54EC7834148AEE35 /* [CP] Embed Pods Frameworks */ = {
			isa = PBXShellScriptBuildPhase;
			buildActionMask = 2147483647;
			files = (
			);
			inputFileListPaths = (
				"${PODS_ROOT}/Target Support Files/Pods-Core-Data-Photo-App/Pods-Core-Data-Photo-App-frameworks-${CONFIGURATION}-input-files.xcfilelist",
			);
			name = "[CP] Embed Pods Frameworks";
			outputFileListPaths = (
				"${PODS_ROOT}/Target Support Files/Pods-Core-Data-Photo-App/Pods-Core-Data-Photo-App-frameworks-${CONFIGURATION}-output-files.xcfilelist",
			);
			runOnlyForDeploymentPostprocessing = 0;
			shellPath = /bin/sh;
			shellScript = "\"${PODS_ROOT}/Target Support Files/Pods-Core-Data-Photo-App/Pods-Core-Data-Photo-App-frameworks.sh\"\n";
			showEnvVarsInLog = 0;
		};
/* End PBXShellScriptBuildPhase section */

/* Begin PBXSourcesBuildPhase section */
		8DE80D7E2440D48C00B20B77 /* Sources */ = {
			isa = PBXSourcesBuildPhase;
			buildActionMask = 2147483647;
			files = (
				8D5A6E132440F45B002BA02D /* DetailViewController.swift in Sources */,
				8DE80D8A2440D48C00B20B77 /* SearchViewController.swift in Sources */,
				8D5A6E1924410007002BA02D /* User+CoreDataClass.swift in Sources */,
				8D5A6E1B24410007002BA02D /* Favorite+CoreDataClass.swift in Sources */,
				8DE80D862440D48C00B20B77 /* AppDelegate.swift in Sources */,
				8D5A6E0F2440E4B1002BA02D /* ImageCell.swift in Sources */,
				8D5A6E112440E4D3002BA02D /* FavoritesCell.swift in Sources */,
				8D5A6E0D2440E47B002BA02D /* FavoritesViewController.swift in Sources */,
				8DE80DA12440D79500B20B77 /* PhotoAPIClient.swift in Sources */,
				8DE80D9E2440D6CA00B20B77 /* Config.swift in Sources */,
				8DE80D902440D48C00B20B77 /* Core_Data_Photo_App.xcdatamodeld in Sources */,
				8D5A6E1C24410007002BA02D /* Favorite+CoreDataProperties.swift in Sources */,
				8D5A6E1A24410007002BA02D /* User+CoreDataProperties.swift in Sources */,
				8DE80D882440D48C00B20B77 /* SceneDelegate.swift in Sources */,
				8D5A6E1E24410EFA002BA02D /* CoreDataManager.swift in Sources */,
				8D5A6E092440DAB9002BA02D /* ImageModel.swift in Sources */,
			);
			runOnlyForDeploymentPostprocessing = 0;
		};
/* End PBXSourcesBuildPhase section */

/* Begin PBXVariantGroup section */
		8DE80D8B2440D48C00B20B77 /* Main.storyboard */ = {
			isa = PBXVariantGroup;
			children = (
				8DE80D8C2440D48C00B20B77 /* Base */,
			);
			name = Main.storyboard;
			sourceTree = "<group>";
		};
		8DE80D932440D48E00B20B77 /* LaunchScreen.storyboard */ = {
			isa = PBXVariantGroup;
			children = (
				8DE80D942440D48E00B20B77 /* Base */,
			);
			name = LaunchScreen.storyboard;
			sourceTree = "<group>";
		};
/* End PBXVariantGroup section */

/* Begin XCBuildConfiguration section */
		8DE80D972440D48E00B20B77 /* Debug */ = {
			isa = XCBuildConfiguration;
			buildSettings = {
				ALWAYS_SEARCH_USER_PATHS = NO;
				CLANG_ANALYZER_NONNULL = YES;
				CLANG_ANALYZER_NUMBER_OBJECT_CONVERSION = YES_AGGRESSIVE;
				CLANG_CXX_LANGUAGE_STANDARD = "gnu++14";
				CLANG_CXX_LIBRARY = "libc++";
				CLANG_ENABLE_MODULES = YES;
				CLANG_ENABLE_OBJC_ARC = YES;
				CLANG_ENABLE_OBJC_WEAK = YES;
				CLANG_WARN_BLOCK_CAPTURE_AUTORELEASING = YES;
				CLANG_WARN_BOOL_CONVERSION = YES;
				CLANG_WARN_COMMA = YES;
				CLANG_WARN_CONSTANT_CONVERSION = YES;
				CLANG_WARN_DEPRECATED_OBJC_IMPLEMENTATIONS = YES;
				CLANG_WARN_DIRECT_OBJC_ISA_USAGE = YES_ERROR;
				CLANG_WARN_DOCUMENTATION_COMMENTS = YES;
				CLANG_WARN_EMPTY_BODY = YES;
				CLANG_WARN_ENUM_CONVERSION = YES;
				CLANG_WARN_INFINITE_RECURSION = YES;
				CLANG_WARN_INT_CONVERSION = YES;
				CLANG_WARN_NON_LITERAL_NULL_CONVERSION = YES;
				CLANG_WARN_OBJC_IMPLICIT_RETAIN_SELF = YES;
				CLANG_WARN_OBJC_LITERAL_CONVERSION = YES;
				CLANG_WARN_OBJC_ROOT_CLASS = YES_ERROR;
				CLANG_WARN_RANGE_LOOP_ANALYSIS = YES;
				CLANG_WARN_STRICT_PROTOTYPES = YES;
				CLANG_WARN_SUSPICIOUS_MOVE = YES;
				CLANG_WARN_UNGUARDED_AVAILABILITY = YES_AGGRESSIVE;
				CLANG_WARN_UNREACHABLE_CODE = YES;
				CLANG_WARN__DUPLICATE_METHOD_MATCH = YES;
				COPY_PHASE_STRIP = NO;
				DEBUG_INFORMATION_FORMAT = dwarf;
				ENABLE_STRICT_OBJC_MSGSEND = YES;
				ENABLE_TESTABILITY = YES;
				GCC_C_LANGUAGE_STANDARD = gnu11;
				GCC_DYNAMIC_NO_PIC = NO;
				GCC_NO_COMMON_BLOCKS = YES;
				GCC_OPTIMIZATION_LEVEL = 0;
				GCC_PREPROCESSOR_DEFINITIONS = (
					"DEBUG=1",
					"$(inherited)",
				);
				GCC_WARN_64_TO_32_BIT_CONVERSION = YES;
				GCC_WARN_ABOUT_RETURN_TYPE = YES_ERROR;
				GCC_WARN_UNDECLARED_SELECTOR = YES;
				GCC_WARN_UNINITIALIZED_AUTOS = YES_AGGRESSIVE;
				GCC_WARN_UNUSED_FUNCTION = YES;
				GCC_WARN_UNUSED_VARIABLE = YES;
				IPHONEOS_DEPLOYMENT_TARGET = 13.2;
				MTL_ENABLE_DEBUG_INFO = INCLUDE_SOURCE;
				MTL_FAST_MATH = YES;
				ONLY_ACTIVE_ARCH = YES;
				SDKROOT = iphoneos;
				SWIFT_ACTIVE_COMPILATION_CONDITIONS = DEBUG;
				SWIFT_OPTIMIZATION_LEVEL = "-Onone";
			};
			name = Debug;
		};
		8DE80D982440D48E00B20B77 /* Release */ = {
			isa = XCBuildConfiguration;
			buildSettings = {
				ALWAYS_SEARCH_USER_PATHS = NO;
				CLANG_ANALYZER_NONNULL = YES;
				CLANG_ANALYZER_NUMBER_OBJECT_CONVERSION = YES_AGGRESSIVE;
				CLANG_CXX_LANGUAGE_STANDARD = "gnu++14";
				CLANG_CXX_LIBRARY = "libc++";
				CLANG_ENABLE_MODULES = YES;
				CLANG_ENABLE_OBJC_ARC = YES;
				CLANG_ENABLE_OBJC_WEAK = YES;
				CLANG_WARN_BLOCK_CAPTURE_AUTORELEASING = YES;
				CLANG_WARN_BOOL_CONVERSION = YES;
				CLANG_WARN_COMMA = YES;
				CLANG_WARN_CONSTANT_CONVERSION = YES;
				CLANG_WARN_DEPRECATED_OBJC_IMPLEMENTATIONS = YES;
				CLANG_WARN_DIRECT_OBJC_ISA_USAGE = YES_ERROR;
				CLANG_WARN_DOCUMENTATION_COMMENTS = YES;
				CLANG_WARN_EMPTY_BODY = YES;
				CLANG_WARN_ENUM_CONVERSION = YES;
				CLANG_WARN_INFINITE_RECURSION = YES;
				CLANG_WARN_INT_CONVERSION = YES;
				CLANG_WARN_NON_LITERAL_NULL_CONVERSION = YES;
				CLANG_WARN_OBJC_IMPLICIT_RETAIN_SELF = YES;
				CLANG_WARN_OBJC_LITERAL_CONVERSION = YES;
				CLANG_WARN_OBJC_ROOT_CLASS = YES_ERROR;
				CLANG_WARN_RANGE_LOOP_ANALYSIS = YES;
				CLANG_WARN_STRICT_PROTOTYPES = YES;
				CLANG_WARN_SUSPICIOUS_MOVE = YES;
				CLANG_WARN_UNGUARDED_AVAILABILITY = YES_AGGRESSIVE;
				CLANG_WARN_UNREACHABLE_CODE = YES;
				CLANG_WARN__DUPLICATE_METHOD_MATCH = YES;
				COPY_PHASE_STRIP = NO;
				DEBUG_INFORMATION_FORMAT = "dwarf-with-dsym";
				ENABLE_NS_ASSERTIONS = NO;
				ENABLE_STRICT_OBJC_MSGSEND = YES;
				GCC_C_LANGUAGE_STANDARD = gnu11;
				GCC_NO_COMMON_BLOCKS = YES;
				GCC_WARN_64_TO_32_BIT_CONVERSION = YES;
				GCC_WARN_ABOUT_RETURN_TYPE = YES_ERROR;
				GCC_WARN_UNDECLARED_SELECTOR = YES;
				GCC_WARN_UNINITIALIZED_AUTOS = YES_AGGRESSIVE;
				GCC_WARN_UNUSED_FUNCTION = YES;
				GCC_WARN_UNUSED_VARIABLE = YES;
				IPHONEOS_DEPLOYMENT_TARGET = 13.2;
				MTL_ENABLE_DEBUG_INFO = NO;
				MTL_FAST_MATH = YES;
				SDKROOT = iphoneos;
				SWIFT_COMPILATION_MODE = wholemodule;
				SWIFT_OPTIMIZATION_LEVEL = "-O";
				VALIDATE_PRODUCT = YES;
			};
			name = Release;
		};
		8DE80D9A2440D48E00B20B77 /* Debug */ = {
			isa = XCBuildConfiguration;
			baseConfigurationReference = 59587FCF295A87DE738B9E65 /* Pods-Core-Data-Photo-App.debug.xcconfig */;
			buildSettings = {
				ASSETCATALOG_COMPILER_APPICON_NAME = AppIcon;
				CODE_SIGN_STYLE = Automatic;
				DEVELOPMENT_TEAM = CNV924Q9C2;
				INFOPLIST_FILE = "Core-Data-Photo-App/Info.plist";
				LD_RUNPATH_SEARCH_PATHS = (
					"$(inherited)",
					"@executable_path/Frameworks",
				);
				PRODUCT_BUNDLE_IDENTIFIER = "com.lubakaper.Core-Data-Photo-App";
				PRODUCT_NAME = "$(TARGET_NAME)";
				SWIFT_VERSION = 5.0;
				TARGETED_DEVICE_FAMILY = "1,2";
			};
			name = Debug;
		};
		8DE80D9B2440D48E00B20B77 /* Release */ = {
			isa = XCBuildConfiguration;
			baseConfigurationReference = C1877BD2E60B247A2F3A3927 /* Pods-Core-Data-Photo-App.release.xcconfig */;
			buildSettings = {
				ASSETCATALOG_COMPILER_APPICON_NAME = AppIcon;
				CODE_SIGN_STYLE = Automatic;
				DEVELOPMENT_TEAM = CNV924Q9C2;
				INFOPLIST_FILE = "Core-Data-Photo-App/Info.plist";
				LD_RUNPATH_SEARCH_PATHS = (
					"$(inherited)",
					"@executable_path/Frameworks",
				);
				PRODUCT_BUNDLE_IDENTIFIER = "com.lubakaper.Core-Data-Photo-App";
				PRODUCT_NAME = "$(TARGET_NAME)";
				SWIFT_VERSION = 5.0;
				TARGETED_DEVICE_FAMILY = "1,2";
			};
			name = Release;
		};
/* End XCBuildConfiguration section */

/* Begin XCConfigurationList section */
		8DE80D7D2440D48C00B20B77 /* Build configuration list for PBXProject "Core-Data-Photo-App" */ = {
			isa = XCConfigurationList;
			buildConfigurations = (
				8DE80D972440D48E00B20B77 /* Debug */,
				8DE80D982440D48E00B20B77 /* Release */,
			);
			defaultConfigurationIsVisible = 0;
			defaultConfigurationName = Release;
		};
		8DE80D992440D48E00B20B77 /* Build configuration list for PBXNativeTarget "Core-Data-Photo-App" */ = {
			isa = XCConfigurationList;
			buildConfigurations = (
				8DE80D9A2440D48E00B20B77 /* Debug */,
				8DE80D9B2440D48E00B20B77 /* Release */,
			);
			defaultConfigurationIsVisible = 0;
			defaultConfigurationName = Release;
		};
/* End XCConfigurationList section */

/* Begin XCRemoteSwiftPackageReference section */
		8DE80DA22440D83100B20B77 /* XCRemoteSwiftPackageReference "NetworkHelperSPM" */ = {
			isa = XCRemoteSwiftPackageReference;
			repositoryURL = "https://github.com/alexpaul/NetworkHelperSPM";
			requirement = {
				kind = upToNextMajorVersion;
				minimumVersion = 1.0.6;
			};
		};
/* End XCRemoteSwiftPackageReference section */

/* Begin XCSwiftPackageProductDependency section */
		8DE80DA32440D83100B20B77 /* NetworkHelper */ = {
			isa = XCSwiftPackageProductDependency;
			package = 8DE80DA22440D83100B20B77 /* XCRemoteSwiftPackageReference "NetworkHelperSPM" */;
			productName = NetworkHelper;
		};
/* End XCSwiftPackageProductDependency section */

/* Begin XCVersionGroup section */
		8DE80D8E2440D48C00B20B77 /* Core_Data_Photo_App.xcdatamodeld */ = {
			isa = XCVersionGroup;
			children = (
				8DE80D8F2440D48C00B20B77 /* Core_Data_Photo_App.xcdatamodel */,
			);
			currentVersion = 8DE80D8F2440D48C00B20B77 /* Core_Data_Photo_App.xcdatamodel */;
			path = Core_Data_Photo_App.xcdatamodeld;
			sourceTree = "<group>";
			versionGroupType = wrapper.xcdatamodel;
		};
/* End XCVersionGroup section */
	};
	rootObject = 8DE80D7A2440D48C00B20B77 /* Project object */;
}
